// !$*UTF8*$!
{
	archiveVersion = 1;
	classes = {
	};
	objectVersion = 48;
	objects = {

/* Begin PBXBuildFile section */
		1B159E9A1F24FE1500E79F16 /* AppDelegate.swift in Sources */ = {isa = PBXBuildFile; fileRef = 1B159E991F24FE1500E79F16 /* AppDelegate.swift */; };
		1B159E9C1F24FE1500E79F16 /* ViewController.swift in Sources */ = {isa = PBXBuildFile; fileRef = 1B159E9B1F24FE1500E79F16 /* ViewController.swift */; };
		1B159E9F1F24FE1500E79F16 /* Main.storyboard in Resources */ = {isa = PBXBuildFile; fileRef = 1B159E9D1F24FE1500E79F16 /* Main.storyboard */; };
		1B159EA11F24FE1500E79F16 /* Assets.xcassets in Resources */ = {isa = PBXBuildFile; fileRef = 1B159EA01F24FE1500E79F16 /* Assets.xcassets */; };
		1B159EA41F24FE1500E79F16 /* LaunchScreen.storyboard in Resources */ = {isa = PBXBuildFile; fileRef = 1B159EA21F24FE1500E79F16 /* LaunchScreen.storyboard */; };
		1B159EAC1F25061700E79F16 /* GoogleService-Info.plist in Resources */ = {isa = PBXBuildFile; fileRef = 1B159EAB1F25061700E79F16 /* GoogleService-Info.plist */; };
		1B7BBE971F299C320038B571 /* fcmInitializer.swift in Sources */ = {isa = PBXBuildFile; fileRef = 1B7BBE961F299C320038B571 /* fcmInitializer.swift */; };
		DB0388AEBD6FE9DD3D229A32 /* Pods_APNS.framework in Frameworks */ = {isa = PBXBuildFile; fileRef = 4F6B5B606C9829FB24070F65 /* Pods_APNS.framework */; };
/* End PBXBuildFile section */

/* Begin PBXFileReference section */
		120767DF7849F9E4075D3A74 /* Pods-APNS.release.xcconfig */ = {isa = PBXFileReference; includeInIndex = 1; lastKnownFileType = text.xcconfig; name = "Pods-APNS.release.xcconfig"; path = "Pods/Target Support Files/Pods-APNS/Pods-APNS.release.xcconfig"; sourceTree = "<group>"; };
		1B159E961F24FE1500E79F16 /* APNS.app */ = {isa = PBXFileReference; explicitFileType = wrapper.application; includeInIndex = 0; path = APNS.app; sourceTree = BUILT_PRODUCTS_DIR; };
		1B159E991F24FE1500E79F16 /* AppDelegate.swift */ = {isa = PBXFileReference; lastKnownFileType = sourcecode.swift; path = AppDelegate.swift; sourceTree = "<group>"; };
		1B159E9B1F24FE1500E79F16 /* ViewController.swift */ = {isa = PBXFileReference; lastKnownFileType = sourcecode.swift; path = ViewController.swift; sourceTree = "<group>"; };
		1B159E9E1F24FE1500E79F16 /* Base */ = {isa = PBXFileReference; lastKnownFileType = file.storyboard; name = Base; path = Base.lproj/Main.storyboard; sourceTree = "<group>"; };
		1B159EA01F24FE1500E79F16 /* Assets.xcassets */ = {isa = PBXFileReference; lastKnownFileType = folder.assetcatalog; path = Assets.xcassets; sourceTree = "<group>"; };
		1B159EA31F24FE1500E79F16 /* Base */ = {isa = PBXFileReference; lastKnownFileType = file.storyboard; name = Base; path = Base.lproj/LaunchScreen.storyboard; sourceTree = "<group>"; };
		1B159EA51F24FE1500E79F16 /* Info.plist */ = {isa = PBXFileReference; lastKnownFileType = text.plist.xml; path = Info.plist; sourceTree = "<group>"; };
		1B159EAB1F25061700E79F16 /* GoogleService-Info.plist */ = {isa = PBXFileReference; fileEncoding = 4; lastKnownFileType = text.plist.xml; name = "GoogleService-Info.plist"; path = "../../../Downloads/GoogleService-Info.plist"; sourceTree = "<group>"; };
		1B7BBE961F299C320038B571 /* fcmInitializer.swift */ = {isa = PBXFileReference; lastKnownFileType = sourcecode.swift; path = fcmInitializer.swift; sourceTree = "<group>"; };
		1BA72FC21F25179700ED2A7F /* APNS.entitlements */ = {isa = PBXFileReference; lastKnownFileType = text.plist.entitlements; path = APNS.entitlements; sourceTree = "<group>"; };
		3073BB11A71AB26C4C438544 /* Pods-APNS.debug.xcconfig */ = {isa = PBXFileReference; includeInIndex = 1; lastKnownFileType = text.xcconfig; name = "Pods-APNS.debug.xcconfig"; path = "Pods/Target Support Files/Pods-APNS/Pods-APNS.debug.xcconfig"; sourceTree = "<group>"; };
		4F6B5B606C9829FB24070F65 /* Pods_APNS.framework */ = {isa = PBXFileReference; explicitFileType = wrapper.framework; includeInIndex = 0; path = Pods_APNS.framework; sourceTree = BUILT_PRODUCTS_DIR; };
/* End PBXFileReference section */

/* Begin PBXFrameworksBuildPhase section */
		1B159E931F24FE1500E79F16 /* Frameworks */ = {
			isa = PBXFrameworksBuildPhase;
			buildActionMask = 2147483647;
			files = (
				DB0388AEBD6FE9DD3D229A32 /* Pods_APNS.framework in Frameworks */,
			);
			runOnlyForDeploymentPostprocessing = 0;
		};
/* End PBXFrameworksBuildPhase section */

/* Begin PBXGroup section */
		1B159E8D1F24FE1500E79F16 = {
			isa = PBXGroup;
			children = (
				1B159E981F24FE1500E79F16 /* APNS */,
				1B159E971F24FE1500E79F16 /* Products */,
				5D92AEFEB8C8C6A7AC5C62C4 /* Pods */,
				61D38A4C22347DF254284B48 /* Frameworks */,
			);
			sourceTree = "<group>";
		};
		1B159E971F24FE1500E79F16 /* Products */ = {
			isa = PBXGroup;
			children = (
				1B159E961F24FE1500E79F16 /* APNS.app */,
			);
			name = Products;
			sourceTree = "<group>";
		};
		1B159E981F24FE1500E79F16 /* APNS */ = {
			isa = PBXGroup;
			children = (
				1BA72FC21F25179700ED2A7F /* APNS.entitlements */,
				1B159E991F24FE1500E79F16 /* AppDelegate.swift */,
				1B7BBE961F299C320038B571 /* fcmInitializer.swift */,
				1B159E9B1F24FE1500E79F16 /* ViewController.swift */,
				1B159E9D1F24FE1500E79F16 /* Main.storyboard */,
				1B159EA01F24FE1500E79F16 /* Assets.xcassets */,
				1B159EA21F24FE1500E79F16 /* LaunchScreen.storyboard */,
				1B159EA51F24FE1500E79F16 /* Info.plist */,
				1B159EAB1F25061700E79F16 /* GoogleService-Info.plist */,
			);
			path = APNS;
			sourceTree = "<group>";
		};
		5D92AEFEB8C8C6A7AC5C62C4 /* Pods */ = {
			isa = PBXGroup;
			children = (
				3073BB11A71AB26C4C438544 /* Pods-APNS.debug.xcconfig */,
				120767DF7849F9E4075D3A74 /* Pods-APNS.release.xcconfig */,
			);
			name = Pods;
			sourceTree = "<group>";
		};
		61D38A4C22347DF254284B48 /* Frameworks */ = {
			isa = PBXGroup;
			children = (
				4F6B5B606C9829FB24070F65 /* Pods_APNS.framework */,
			);
			name = Frameworks;
			sourceTree = "<group>";
		};
/* End PBXGroup section */

/* Begin PBXNativeTarget section */
		1B159E951F24FE1500E79F16 /* APNS */ = {
			isa = PBXNativeTarget;
			buildConfigurationList = 1B159EA81F24FE1500E79F16 /* Build configuration list for PBXNativeTarget "APNS" */;
			buildPhases = (
				AE428D601DF21863450F7DB4 /* [CP] Check Pods Manifest.lock */,
				1B159E921F24FE1500E79F16 /* Sources */,
				1B159E931F24FE1500E79F16 /* Frameworks */,
				1B159E941F24FE1500E79F16 /* Resources */,
				DC4AFAF046042F2ECF93D8D8 /* [CP] Embed Pods Frameworks */,
				42CC23E2F401F5C65465297F /* [CP] Copy Pods Resources */,
			);
			buildRules = (
			);
			dependencies = (
			);
			name = APNS;
			productName = APNS;
			productReference = 1B159E961F24FE1500E79F16 /* APNS.app */;
			productType = "com.apple.product-type.application";
		};
/* End PBXNativeTarget section */

/* Begin PBXProject section */
		1B159E8E1F24FE1500E79F16 /* Project object */ = {
			isa = PBXProject;
			attributes = {
				LastSwiftUpdateCheck = 0900;
				LastUpgradeCheck = 0900;
				ORGANIZATIONNAME = "John Ryan";
				TargetAttributes = {
					1B159E951F24FE1500E79F16 = {
						CreatedOnToolsVersion = 9.0;
						SystemCapabilities = {
							com.apple.BackgroundModes = {
								enabled = 1;
							};
							com.apple.Push = {
								enabled = 1;
							};
						};
					};
				};
			};
			buildConfigurationList = 1B159E911F24FE1500E79F16 /* Build configuration list for PBXProject "APNS" */;
			compatibilityVersion = "Xcode 8.0";
			developmentRegion = en;
			hasScannedForEncodings = 0;
			knownRegions = (
				en,
				Base,
			);
			mainGroup = 1B159E8D1F24FE1500E79F16;
			productRefGroup = 1B159E971F24FE1500E79F16 /* Products */;
			projectDirPath = "";
			projectRoot = "";
			targets = (
				1B159E951F24FE1500E79F16 /* APNS */,
			);
		};
/* End PBXProject section */

/* Begin PBXResourcesBuildPhase section */
		1B159E941F24FE1500E79F16 /* Resources */ = {
			isa = PBXResourcesBuildPhase;
			buildActionMask = 2147483647;
			files = (
				1B159EA41F24FE1500E79F16 /* LaunchScreen.storyboard in Resources */,
				1B159EAC1F25061700E79F16 /* GoogleService-Info.plist in Resources */,
				1B159EA11F24FE1500E79F16 /* Assets.xcassets in Resources */,
				1B159E9F1F24FE1500E79F16 /* Main.storyboard in Resources */,
			);
			runOnlyForDeploymentPostprocessing = 0;
		};
/* End PBXResourcesBuildPhase section */

/* Begin PBXShellScriptBuildPhase section */
		42CC23E2F401F5C65465297F /* [CP] Copy Pods Resources */ = {
			isa = PBXShellScriptBuildPhase;
			buildActionMask = 2147483647;
			files = (
			);
			inputPaths = (
			);
			name = "[CP] Copy Pods Resources";
			outputPaths = (
			);
			runOnlyForDeploymentPostprocessing = 0;
			shellPath = /bin/sh;
			shellScript = "\"${SRCROOT}/Pods/Target Support Files/Pods-APNS/Pods-APNS-resources.sh\"\n";
			showEnvVarsInLog = 0;
		};
		AE428D601DF21863450F7DB4 /* [CP] Check Pods Manifest.lock */ = {
			isa = PBXShellScriptBuildPhase;
			buildActionMask = 2147483647;
			files = (
			);
			inputPaths = (
			);
			name = "[CP] Check Pods Manifest.lock";
			outputPaths = (
			);
			runOnlyForDeploymentPostprocessing = 0;
			shellPath = /bin/sh;
			shellScript = "diff \"${PODS_PODFILE_DIR_PATH}/Podfile.lock\" \"${PODS_ROOT}/Manifest.lock\" > /dev/null\nif [ $? != 0 ] ; then\n    # print error to STDERR\n    echo \"error: The sandbox is not in sync with the Podfile.lock. Run 'pod install' or update your CocoaPods installation.\" >&2\n    exit 1\nfi\n";
			showEnvVarsInLog = 0;
		};
		DC4AFAF046042F2ECF93D8D8 /* [CP] Embed Pods Frameworks */ = {
			isa = PBXShellScriptBuildPhase;
			buildActionMask = 2147483647;
			files = (
			);
			inputPaths = (
			);
			name = "[CP] Embed Pods Frameworks";
			outputPaths = (
			);
			runOnlyForDeploymentPostprocessing = 0;
			shellPath = /bin/sh;
			shellScript = "\"${SRCROOT}/Pods/Target Support Files/Pods-APNS/Pods-APNS-frameworks.sh\"\n";
			showEnvVarsInLog = 0;
		};
/* End PBXShellScriptBuildPhase section */

/* Begin PBXSourcesBuildPhase section */
		1B159E921F24FE1500E79F16 /* Sources */ = {
			isa = PBXSourcesBuildPhase;
			buildActionMask = 2147483647;
			files = (
				1B159E9C1F24FE1500E79F16 /* ViewController.swift in Sources */,
				1B7BBE971F299C320038B571 /* fcmInitializer.swift in Sources */,
				1B159E9A1F24FE1500E79F16 /* AppDelegate.swift in Sources */,
			);
			runOnlyForDeploymentPostprocessing = 0;
		};
/* End PBXSourcesBuildPhase section */

/* Begin PBXVariantGroup section */
		1B159E9D1F24FE1500E79F16 /* Main.storyboard */ = {
			isa = PBXVariantGroup;
			children = (
				1B159E9E1F24FE1500E79F16 /* Base */,
			);
			name = Main.storyboard;
			sourceTree = "<group>";
		};
		1B159EA21F24FE1500E79F16 /* LaunchScreen.storyboard */ = {
			isa = PBXVariantGroup;
			children = (
				1B159EA31F24FE1500E79F16 /* Base */,
			);
			name = LaunchScreen.storyboard;
			sourceTree = "<group>";
		};
/* End PBXVariantGroup section */

/* Begin XCBuildConfiguration section */
		1B159EA61F24FE1500E79F16 /* Debug */ = {
			isa = XCBuildConfiguration;
			buildSettings = {
				ALWAYS_SEARCH_USER_PATHS = NO;
				CLANG_ANALYZER_NONNULL = YES;
				CLANG_ANALYZER_NUMBER_OBJECT_CONVERSION = YES_AGGRESSIVE;
				CLANG_CXX_LANGUAGE_STANDARD = "gnu++14";
				CLANG_CXX_LIBRARY = "libc++";
				CLANG_ENABLE_MODULES = YES;
				CLANG_ENABLE_OBJC_ARC = YES;
				CLANG_WARN_BLOCK_CAPTURE_AUTORELEASING = YES;
				CLANG_WARN_BOOL_CONVERSION = YES;
				CLANG_WARN_COMMA = YES;
				CLANG_WARN_CONSTANT_CONVERSION = YES;
				CLANG_WARN_DIRECT_OBJC_ISA_USAGE = YES_ERROR;
				CLANG_WARN_DOCUMENTATION_COMMENTS = YES;
				CLANG_WARN_EMPTY_BODY = YES;
				CLANG_WARN_ENUM_CONVERSION = YES;
				CLANG_WARN_INFINITE_RECURSION = YES;
				CLANG_WARN_INT_CONVERSION = YES;
				CLANG_WARN_NON_LITERAL_NULL_CONVERSION = YES;
				CLANG_WARN_OBJC_LITERAL_CONVERSION = YES;
				CLANG_WARN_OBJC_ROOT_CLASS = YES_ERROR;
				CLANG_WARN_RANGE_LOOP_ANALYSIS = YES;
				CLANG_WARN_STRICT_PROTOTYPES = YES;
				CLANG_WARN_SUSPICIOUS_MOVE = YES;
				CLANG_WARN_UNGUARDED_AVAILABILITY = YES_AGGRESSIVE;
				CLANG_WARN_UNREACHABLE_CODE = YES;
				CLANG_WARN__DUPLICATE_METHOD_MATCH = YES;
				CODE_SIGN_IDENTITY = "iPhone Developer";
				COPY_PHASE_STRIP = NO;
				DEBUG_INFORMATION_FORMAT = dwarf;
				ENABLE_STRICT_OBJC_MSGSEND = YES;
				ENABLE_TESTABILITY = YES;
				GCC_C_LANGUAGE_STANDARD = gnu11;
				GCC_DYNAMIC_NO_PIC = NO;
				GCC_NO_COMMON_BLOCKS = YES;
				GCC_OPTIMIZATION_LEVEL = 0;
				GCC_PREPROCESSOR_DEFINITIONS = (
					"DEBUG=1",
					"$(inherited)",
				);
				GCC_WARN_64_TO_32_BIT_CONVERSION = YES;
				GCC_WARN_ABOUT_RETURN_TYPE = YES_ERROR;
				GCC_WARN_UNDECLARED_SELECTOR = YES;
				GCC_WARN_UNINITIALIZED_AUTOS = YES_AGGRESSIVE;
				GCC_WARN_UNUSED_FUNCTION = YES;
				GCC_WARN_UNUSED_VARIABLE = YES;
				IPHONEOS_DEPLOYMENT_TARGET = 11.0;
				MTL_ENABLE_DEBUG_INFO = YES;
				ONLY_ACTIVE_ARCH = YES;
				SDKROOT = iphoneos;
				SWIFT_ACTIVE_COMPILATION_CONDITIONS = DEBUG;
				SWIFT_OPTIMIZATION_LEVEL = "-Onone";
			};
			name = Debug;
		};
		1B159EA71F24FE1500E79F16 /* Release */ = {
			isa = XCBuildConfiguration;
			buildSettings = {
				ALWAYS_SEARCH_USER_PATHS = NO;
				CLANG_ANALYZER_NONNULL = YES;
				CLANG_ANALYZER_NUMBER_OBJECT_CONVERSION = YES_AGGRESSIVE;
				CLANG_CXX_LANGUAGE_STANDARD = "gnu++14";
				CLANG_CXX_LIBRARY = "libc++";
				CLANG_ENABLE_MODULES = YES;
				CLANG_ENABLE_OBJC_ARC = YES;
				CLANG_WARN_BLOCK_CAPTURE_AUTORELEASING = YES;
				CLANG_WARN_BOOL_CONVERSION = YES;
				CLANG_WARN_COMMA = YES;
				CLANG_WARN_CONSTANT_CONVERSION = YES;
				CLANG_WARN_DIRECT_OBJC_ISA_USAGE = YES_ERROR;
				CLANG_WARN_DOCUMENTATION_COMMENTS = YES;
				CLANG_WARN_EMPTY_BODY = YES;
				CLANG_WARN_ENUM_CONVERSION = YES;
				CLANG_WARN_INFINITE_RECURSION = YES;
				CLANG_WARN_INT_CONVERSION = YES;
				CLANG_WARN_NON_LITERAL_NULL_CONVERSION = YES;
				CLANG_WARN_OBJC_LITERAL_CONVERSION = YES;
				CLANG_WARN_OBJC_ROOT_CLASS = YES_ERROR;
				CLANG_WARN_RANGE_LOOP_ANALYSIS = YES;
				CLANG_WARN_STRICT_PROTOTYPES = YES;
				CLANG_WARN_SUSPICIOUS_MOVE = YES;
				CLANG_WARN_UNGUARDED_AVAILABILITY = YES_AGGRESSIVE;
				CLANG_WARN_UNREACHABLE_CODE = YES;
				CLANG_WARN__DUPLICATE_METHOD_MATCH = YES;
				CODE_SIGN_IDENTITY = "iPhone Developer";
				COPY_PHASE_STRIP = NO;
				DEBUG_INFORMATION_FORMAT = "dwarf-with-dsym";
				ENABLE_NS_ASSERTIONS = NO;
				ENABLE_STRICT_OBJC_MSGSEND = YES;
				GCC_C_LANGUAGE_STANDARD = gnu11;
				GCC_NO_COMMON_BLOCKS = YES;
				GCC_WARN_64_TO_32_BIT_CONVERSION = YES;
				GCC_WARN_ABOUT_RETURN_TYPE = YES_ERROR;
				GCC_WARN_UNDECLARED_SELECTOR = YES;
				GCC_WARN_UNINITIALIZED_AUTOS = YES_AGGRESSIVE;
				GCC_WARN_UNUSED_FUNCTION = YES;
				GCC_WARN_UNUSED_VARIABLE = YES;
				IPHONEOS_DEPLOYMENT_TARGET = 11.0;
				MTL_ENABLE_DEBUG_INFO = NO;
				SDKROOT = iphoneos;
				SWIFT_OPTIMIZATION_LEVEL = "-Owholemodule";
				VALIDATE_PRODUCT = YES;
			};
			name = Release;
		};
		1B159EA91F24FE1500E79F16 /* Debug */ = {
			isa = XCBuildConfiguration;
			baseConfigurationReference = 3073BB11A71AB26C4C438544 /* Pods-APNS.debug.xcconfig */;
			buildSettings = {
				ASSETCATALOG_COMPILER_APPICON_NAME = AppIcon;
				CODE_SIGN_ENTITLEMENTS = APNS/APNS.entitlements;
				DEVELOPMENT_TEAM = TN57A332FD;
				INFOPLIST_FILE = APNS/Info.plist;
				LD_RUNPATH_SEARCH_PATHS = "$(inherited) @executable_path/Frameworks";
				OTHER_LDFLAGS = (
					"$(OTHER_LDFLAGS)",
					"-ObjC",
				);
				PRODUCT_BUNDLE_IDENTIFIER = com.tide.APNS;
				PRODUCT_NAME = "$(TARGET_NAME)";
				SWIFT_VERSION = 4.0;
				TARGETED_DEVICE_FAMILY = 1;
			};
			name = Debug;
		};
		1B159EAA1F24FE1500E79F16 /* Release */ = {
			isa = XCBuildConfiguration;
			baseConfigurationReference = 120767DF7849F9E4075D3A74 /* Pods-APNS.release.xcconfig */;
			buildSettings = {
				ASSETCATALOG_COMPILER_APPICON_NAME = AppIcon;
				CODE_SIGN_ENTITLEMENTS = APNS/APNS.entitlements;
				DEVELOPMENT_TEAM = TN57A332FD;
				INFOPLIST_FILE = APNS/Info.plist;
				LD_RUNPATH_SEARCH_PATHS = "$(inherited) @executable_path/Frameworks";
				OTHER_LDFLAGS = (
					"$(OTHER_LDFLAGS)",
					"-ObjC",
				);
				PRODUCT_BUNDLE_IDENTIFIER = com.tide.APNS;
				PRODUCT_NAME = "$(TARGET_NAME)";
				SWIFT_VERSION = 4.0;
				TARGETED_DEVICE_FAMILY = 1;
			};
			name = Release;
		};
/* End XCBuildConfiguration section */

/* Begin XCConfigurationList section */
		1B159E911F24FE1500E79F16 /* Build configuration list for PBXProject "APNS" */ = {
			isa = XCConfigurationList;
			buildConfigurations = (
				1B159EA61F24FE1500E79F16 /* Debug */,
				1B159EA71F24FE1500E79F16 /* Release */,
			);
			defaultConfigurationIsVisible = 0;
			defaultConfigurationName = Release;
		};
		1B159EA81F24FE1500E79F16 /* Build configuration list for PBXNativeTarget "APNS" */ = {
			isa = XCConfigurationList;
			buildConfigurations = (
				1B159EA91F24FE1500E79F16 /* Debug */,
				1B159EAA1F24FE1500E79F16 /* Release */,
			);
			defaultConfigurationIsVisible = 0;
			defaultConfigurationName = Release;
		};
/* End XCConfigurationList section */
	};
	rootObject = 1B159E8E1F24FE1500E79F16 /* Project object */;
}
